
Microsoft Visual Studio Solution File, Format Version 12.00
# Visual Studio 15
VisualStudioVersion = 15.0.28307.489
MinimumVisualStudioVersion = 10.0.40219.1
Project("{8BC9CEB8-8B4A-11D0-8D11-00A0C91BC942}") = "ECS-Demo", "ECS-Demo\ECS-Demo.vcxproj", "{EAD8A64E-7C0D-4C91-841B-6C34D171BCFE}"
EndProject
Global
	GlobalSection(SolutionConfigurationPlatforms) = preSolution
		Debug|x64 = Debug|x64
		Debug|x86 = Debug|x86
		Release|x64 = Release|x64
		Release|x86 = Release|x86
	EndGlobalSection
	GlobalSection(ProjectConfigurationPlatforms) = postSolution
		{EAD8A64E-7C0D-4C91-841B-6C34D171BCFE}.Debug|x64.ActiveCfg = Debug|x64
		{EAD8A64E-7C0D-4C91-841B-6C34D171BCFE}.Debug|x64.Build.0 = Debug|x64
		{EAD8A64E-7C0D-4C91-841B-6C34D171BCFE}.Debug|x86.ActiveCfg = Debug|Win32
		{EAD8A64E-7C0D-4C91-841B-6C34D171BCFE}.Debug|x86.Build.0 = Debug|Win32
		{EAD8A64E-7C0D-4C91-841B-6C34D171BCFE}.Release|x64.ActiveCfg = Release|x64
		{EAD8A64E-7C0D-4C91-841B-6C34D171BCFE}.Release|x64.Build.0 = Release|x64
		{EAD8A64E-7C0D-4C91-841B-6C34D171BCFE}.Release|x86.ActiveCfg = Release|Win32
		{EAD8A64E-7C0D-4C91-841B-6C34D171BCFE}.Release|x86.Build.0 = Release|Win32
	EndGlobalSection
	GlobalSection(SolutionProperties) = preSolution
		HideSolutionNode = FALSE
	EndGlobalSection
	GlobalSection(ExtensibilityGlobals) = postSolution
		SolutionGuid = {3ABE550A-D7AF-4E0D-AE75-4A8B1805F4ED}
	EndGlobalSection
EndGlobal
